<?xml version="1.0" encoding="utf-8"?>
<Project ToolsVersion="4.0" xmlns="http://schemas.microsoft.com/developer/msbuild/2003">
  <ItemGroup>
    <Filter Include="Intermediate">
      <UniqueIdentifier>{80238354-6C86-12F9-150C-4BAF014EDE7B}</UniqueIdentifier>
    </Filter>
    <Filter Include="Intermediate\GeneratedCode">
      <UniqueIdentifier>{F9353738-E545-E308-4EFF-47273A2ED2A1}</UniqueIdentifier>
    </Filter>
    <Filter Include="Intermediate\GeneratedCode\Debug-windows-x86_64">
      <UniqueIdentifier>{43762C1C-AFB1-8CDF-B8A6-096F24611110}</UniqueIdentifier>
    </Filter>
    <Filter Include="Intermediate\GeneratedCode\Debug-windows-x86_64\Foundation">
      <UniqueIdentifier>{A91243BC-95D2-D360-FEEF-BB6BEACEE672}</UniqueIdentifier>
    </Filter>
    <Filter Include="Source">
      <UniqueIdentifier>{56EB95D1-428D-C0A7-2B48-D4FB178947F8}</UniqueIdentifier>
    </Filter>
  </ItemGroup>
  <ItemGroup>
    <ClInclude Include="Source\BuildMachineTestLayer.h">
      <Filter>Source</Filter>
    </ClInclude>
  </ItemGroup>
  <ItemGroup>
    <ClCompile Include="..\Intermediate\GeneratedCode\Debug-windows-x86_64\Foundation\CameraComponent_gen.cpp">
      <Filter>Intermediate\GeneratedCode\Debug-windows-x86_64\Foundation</Filter>
    </ClCompile>
    <ClCompile Include="..\Intermediate\GeneratedCode\Debug-windows-x86_64\Foundation\Component_gen.cpp">
      <Filter>Intermediate\GeneratedCode\Debug-windows-x86_64\Foundation</Filter>
    </ClCompile>
    <ClCompile Include="..\Intermediate\GeneratedCode\Debug-windows-x86_64\Foundation\IDComponent_gen.cpp">
      <Filter>Intermediate\GeneratedCode\Debug-windows-x86_64\Foundation</Filter>
    </ClCompile>
    <ClCompile Include="..\Intermediate\GeneratedCode\Debug-windows-x86_64\Foundation\InputComponent_gen.cpp">
      <Filter>Intermediate\GeneratedCode\Debug-windows-x86_64\Foundation</Filter>
    </ClCompile>
    <ClCompile Include="..\Intermediate\GeneratedCode\Debug-windows-x86_64\Foundation\Object_gen.cpp">
      <Filter>Intermediate\GeneratedCode\Debug-windows-x86_64\Foundation</Filter>
    </ClCompile>
    <ClCompile Include="..\Intermediate\GeneratedCode\Debug-windows-x86_64\Foundation\Scene_gen.cpp">
      <Filter>Intermediate\GeneratedCode\Debug-windows-x86_64\Foundation</Filter>
    </ClCompile>
    <ClCompile Include="..\Intermediate\GeneratedCode\Debug-windows-x86_64\Foundation\SpriteComponent_gen.cpp">
      <Filter>Intermediate\GeneratedCode\Debug-windows-x86_64\Foundation</Filter>
    </ClCompile>
    <ClCompile Include="..\Intermediate\GeneratedCode\Debug-windows-x86_64\Foundation\TagComponent_gen.cpp">
      <Filter>Intermediate\GeneratedCode\Debug-windows-x86_64\Foundation</Filter>
    </ClCompile>
    <ClCompile Include="..\Intermediate\GeneratedCode\Debug-windows-x86_64\Foundation\TransformComponent_gen.cpp">
      <Filter>Intermediate\GeneratedCode\Debug-windows-x86_64\Foundation</Filter>
    </ClCompile>
    <ClCompile Include="Source\BuildMachineTestApp.cpp">
      <Filter>Source</Filter>
    </ClCompile>
    <ClCompile Include="Source\BuildMachineTestLayer.cpp">
      <Filter>Source</Filter>
    </ClCompile>
  </ItemGroup>
</Project>